// !$*UTF8*$!
{
	archiveVersion = 1;
	classes = {
	};
	objectVersion = 46;
	objects = {

/* Begin PBXBuildFile section */
		9012AC561881BD8E00B29D51 /* Foundation.framework in Frameworks */ = {isa = PBXBuildFile; fileRef = 9012AC551881BD8E00B29D51 /* Foundation.framework */; };
		9012AC581881BD8E00B29D51 /* CoreGraphics.framework in Frameworks */ = {isa = PBXBuildFile; fileRef = 9012AC571881BD8E00B29D51 /* CoreGraphics.framework */; };
		9012AC5A1881BD8E00B29D51 /* UIKit.framework in Frameworks */ = {isa = PBXBuildFile; fileRef = 9012AC591881BD8E00B29D51 /* UIKit.framework */; };
		9012AC601881BD8E00B29D51 /* InfoPlist.strings in Resources */ = {isa = PBXBuildFile; fileRef = 9012AC5E1881BD8E00B29D51 /* InfoPlist.strings */; };
		9012AC621881BD8E00B29D51 /* main.m in Sources */ = {isa = PBXBuildFile; fileRef = 9012AC611881BD8E00B29D51 /* main.m */; };
		9012AC661881BD8E00B29D51 /* AppDelegate.m in Sources */ = {isa = PBXBuildFile; fileRef = 9012AC651881BD8E00B29D51 /* AppDelegate.m */; };
		9012AC681881BD8E00B29D51 /* Images.xcassets in Resources */ = {isa = PBXBuildFile; fileRef = 9012AC671881BD8E00B29D51 /* Images.xcassets */; };
		9012AC6F1881BD8E00B29D51 /* XCTest.framework in Frameworks */ = {isa = PBXBuildFile; fileRef = 9012AC6E1881BD8E00B29D51 /* XCTest.framework */; };
		9012AC701881BD8E00B29D51 /* Foundation.framework in Frameworks */ = {isa = PBXBuildFile; fileRef = 9012AC551881BD8E00B29D51 /* Foundation.framework */; };
		9012AC711881BD8E00B29D51 /* UIKit.framework in Frameworks */ = {isa = PBXBuildFile; fileRef = 9012AC591881BD8E00B29D51 /* UIKit.framework */; };
		9012AC791881BD8E00B29D51 /* InfoPlist.strings in Resources */ = {isa = PBXBuildFile; fileRef = 9012AC771881BD8E00B29D51 /* InfoPlist.strings */; };
		9012AC7B1881BD8E00B29D51 /* MKKeyboardControllerTests.m in Sources */ = {isa = PBXBuildFile; fileRef = 9012AC7A1881BD8E00B29D51 /* MKKeyboardControllerTests.m */; };
		9012AC8C1881BF1100B29D51 /* KeyboardController.m in Sources */ = {isa = PBXBuildFile; fileRef = 9012AC8B1881BF1100B29D51 /* KeyboardController.m */; };
		905BCC811882179300FA5461 /* DemoViewController.m in Sources */ = {isa = PBXBuildFile; fileRef = 905BCC7F1882179300FA5461 /* DemoViewController.m */; };
		905BCC821882179300FA5461 /* DemoViewController.xib in Resources */ = {isa = PBXBuildFile; fileRef = 905BCC801882179300FA5461 /* DemoViewController.xib */; };
/* End PBXBuildFile section */

/* Begin PBXContainerItemProxy section */
		9012AC721881BD8E00B29D51 /* PBXContainerItemProxy */ = {
			isa = PBXContainerItemProxy;
			containerPortal = 9012AC4A1881BD8E00B29D51 /* Project object */;
			proxyType = 1;
			remoteGlobalIDString = 9012AC511881BD8E00B29D51;
			remoteInfo = MKKeyboardController;
		};
/* End PBXContainerItemProxy section */

/* Begin PBXFileReference section */
		9012AC521881BD8E00B29D51 /* MKKeyboardController.app */ = {isa = PBXFileReference; explicitFileType = wrapper.application; includeInIndex = 0; path = MKKeyboardController.app; sourceTree = BUILT_PRODUCTS_DIR; };
		9012AC551881BD8E00B29D51 /* Foundation.framework */ = {isa = PBXFileReference; lastKnownFileType = wrapper.framework; name = Foundation.framework; path = System/Library/Frameworks/Foundation.framework; sourceTree = SDKROOT; };
		9012AC571881BD8E00B29D51 /* CoreGraphics.framework */ = {isa = PBXFileReference; lastKnownFileType = wrapper.framework; name = CoreGraphics.framework; path = System/Library/Frameworks/CoreGraphics.framework; sourceTree = SDKROOT; };
		9012AC591881BD8E00B29D51 /* UIKit.framework */ = {isa = PBXFileReference; lastKnownFileType = wrapper.framework; name = UIKit.framework; path = System/Library/Frameworks/UIKit.framework; sourceTree = SDKROOT; };
		9012AC5D1881BD8E00B29D51 /* MKKeyboardController-Info.plist */ = {isa = PBXFileReference; lastKnownFileType = text.plist.xml; path = "MKKeyboardController-Info.plist"; sourceTree = "<group>"; };
		9012AC5F1881BD8E00B29D51 /* en */ = {isa = PBXFileReference; lastKnownFileType = text.plist.strings; name = en; path = en.lproj/InfoPlist.strings; sourceTree = "<group>"; };
		9012AC611881BD8E00B29D51 /* main.m */ = {isa = PBXFileReference; lastKnownFileType = sourcecode.c.objc; path = main.m; sourceTree = "<group>"; };
		9012AC631881BD8E00B29D51 /* MKKeyboardController-Prefix.pch */ = {isa = PBXFileReference; lastKnownFileType = sourcecode.c.h; path = "MKKeyboardController-Prefix.pch"; sourceTree = "<group>"; };
		9012AC641881BD8E00B29D51 /* AppDelegate.h */ = {isa = PBXFileReference; lastKnownFileType = sourcecode.c.h; path = AppDelegate.h; sourceTree = "<group>"; };
		9012AC651881BD8E00B29D51 /* AppDelegate.m */ = {isa = PBXFileReference; lastKnownFileType = sourcecode.c.objc; path = AppDelegate.m; sourceTree = "<group>"; };
		9012AC671881BD8E00B29D51 /* Images.xcassets */ = {isa = PBXFileReference; lastKnownFileType = folder.assetcatalog; path = Images.xcassets; sourceTree = "<group>"; };
		9012AC6D1881BD8E00B29D51 /* MKKeyboardControllerTests.xctest */ = {isa = PBXFileReference; explicitFileType = wrapper.cfbundle; includeInIndex = 0; path = MKKeyboardControllerTests.xctest; sourceTree = BUILT_PRODUCTS_DIR; };
		9012AC6E1881BD8E00B29D51 /* XCTest.framework */ = {isa = PBXFileReference; lastKnownFileType = wrapper.framework; name = XCTest.framework; path = Library/Frameworks/XCTest.framework; sourceTree = DEVELOPER_DIR; };
		9012AC761881BD8E00B29D51 /* MKKeyboardControllerTests-Info.plist */ = {isa = PBXFileReference; lastKnownFileType = text.plist.xml; path = "MKKeyboardControllerTests-Info.plist"; sourceTree = "<group>"; };
		9012AC781881BD8E00B29D51 /* en */ = {isa = PBXFileReference; lastKnownFileType = text.plist.strings; name = en; path = en.lproj/InfoPlist.strings; sourceTree = "<group>"; };
		9012AC7A1881BD8E00B29D51 /* MKKeyboardControllerTests.m */ = {isa = PBXFileReference; lastKnownFileType = sourcecode.c.objc; path = MKKeyboardControllerTests.m; sourceTree = "<group>"; };
		9012AC8A1881BF1100B29D51 /* KeyboardController.h */ = {isa = PBXFileReference; fileEncoding = 4; lastKnownFileType = sourcecode.c.h; path = KeyboardController.h; sourceTree = "<group>"; };
		9012AC8B1881BF1100B29D51 /* KeyboardController.m */ = {isa = PBXFileReference; fileEncoding = 4; lastKnownFileType = sourcecode.c.objc; path = KeyboardController.m; sourceTree = "<group>"; };
		905BCC7E1882179300FA5461 /* DemoViewController.h */ = {isa = PBXFileReference; fileEncoding = 4; lastKnownFileType = sourcecode.c.h; path = DemoViewController.h; sourceTree = "<group>"; };
		905BCC7F1882179300FA5461 /* DemoViewController.m */ = {isa = PBXFileReference; fileEncoding = 4; lastKnownFileType = sourcecode.c.objc; path = DemoViewController.m; sourceTree = "<group>"; };
		905BCC801882179300FA5461 /* DemoViewController.xib */ = {isa = PBXFileReference; fileEncoding = 4; lastKnownFileType = file.xib; path = DemoViewController.xib; sourceTree = "<group>"; };
/* End PBXFileReference section */

/* Begin PBXFrameworksBuildPhase section */
		9012AC4F1881BD8E00B29D51 /* Frameworks */ = {
			isa = PBXFrameworksBuildPhase;
			buildActionMask = 2147483647;
			files = (
				9012AC581881BD8E00B29D51 /* CoreGraphics.framework in Frameworks */,
				9012AC5A1881BD8E00B29D51 /* UIKit.framework in Frameworks */,
				9012AC561881BD8E00B29D51 /* Foundation.framework in Frameworks */,
			);
			runOnlyForDeploymentPostprocessing = 0;
		};
		9012AC6A1881BD8E00B29D51 /* Frameworks */ = {
			isa = PBXFrameworksBuildPhase;
			buildActionMask = 2147483647;
			files = (
				9012AC6F1881BD8E00B29D51 /* XCTest.framework in Frameworks */,
				9012AC711881BD8E00B29D51 /* UIKit.framework in Frameworks */,
				9012AC701881BD8E00B29D51 /* Foundation.framework in Frameworks */,
			);
			runOnlyForDeploymentPostprocessing = 0;
		};
/* End PBXFrameworksBuildPhase section */

/* Begin PBXGroup section */
		9012AC491881BD8E00B29D51 = {
			isa = PBXGroup;
			children = (
				9012AC5B1881BD8E00B29D51 /* MKKeyboardController */,
				9012AC741881BD8E00B29D51 /* MKKeyboardControllerTests */,
				9012AC541881BD8E00B29D51 /* Frameworks */,
				9012AC531881BD8E00B29D51 /* Products */,
			);
			sourceTree = "<group>";
		};
		9012AC531881BD8E00B29D51 /* Products */ = {
			isa = PBXGroup;
			children = (
				9012AC521881BD8E00B29D51 /* MKKeyboardController.app */,
				9012AC6D1881BD8E00B29D51 /* MKKeyboardControllerTests.xctest */,
			);
			name = Products;
			sourceTree = "<group>";
		};
		9012AC541881BD8E00B29D51 /* Frameworks */ = {
			isa = PBXGroup;
			children = (
				9012AC551881BD8E00B29D51 /* Foundation.framework */,
				9012AC571881BD8E00B29D51 /* CoreGraphics.framework */,
				9012AC591881BD8E00B29D51 /* UIKit.framework */,
				9012AC6E1881BD8E00B29D51 /* XCTest.framework */,
			);
			name = Frameworks;
			sourceTree = "<group>";
		};
		9012AC5B1881BD8E00B29D51 /* MKKeyboardController */ = {
			isa = PBXGroup;
			children = (
				905BCC7D1882177A00FA5461 /* Demo */,
				9012AC871881BEFA00B29D51 /* Source */,
				9012AC641881BD8E00B29D51 /* AppDelegate.h */,
				9012AC651881BD8E00B29D51 /* AppDelegate.m */,
				9012AC671881BD8E00B29D51 /* Images.xcassets */,
				9012AC5C1881BD8E00B29D51 /* Supporting Files */,
			);
			path = MKKeyboardController;
			sourceTree = "<group>";
		};
		9012AC5C1881BD8E00B29D51 /* Supporting Files */ = {
			isa = PBXGroup;
			children = (
				9012AC5D1881BD8E00B29D51 /* MKKeyboardController-Info.plist */,
				9012AC5E1881BD8E00B29D51 /* InfoPlist.strings */,
				9012AC611881BD8E00B29D51 /* main.m */,
				9012AC631881BD8E00B29D51 /* MKKeyboardController-Prefix.pch */,
			);
			name = "Supporting Files";
			sourceTree = "<group>";
		};
		9012AC741881BD8E00B29D51 /* MKKeyboardControllerTests */ = {
			isa = PBXGroup;
			children = (
				9012AC7A1881BD8E00B29D51 /* MKKeyboardControllerTests.m */,
				9012AC751881BD8E00B29D51 /* Supporting Files */,
			);
			path = MKKeyboardControllerTests;
			sourceTree = "<group>";
		};
		9012AC751881BD8E00B29D51 /* Supporting Files */ = {
			isa = PBXGroup;
			children = (
				9012AC761881BD8E00B29D51 /* MKKeyboardControllerTests-Info.plist */,
				9012AC771881BD8E00B29D51 /* InfoPlist.strings */,
			);
			name = "Supporting Files";
			sourceTree = "<group>";
		};
		9012AC871881BEFA00B29D51 /* Source */ = {
			isa = PBXGroup;
			children = (
				9012AC8A1881BF1100B29D51 /* KeyboardController.h */,
				9012AC8B1881BF1100B29D51 /* KeyboardController.m */,
			);
			name = Source;
			path = ../../Source;
			sourceTree = "<group>";
		};
		905BCC7D1882177A00FA5461 /* Demo */ = {
			isa = PBXGroup;
			children = (
				905BCC7E1882179300FA5461 /* DemoViewController.h */,
				905BCC7F1882179300FA5461 /* DemoViewController.m */,
				905BCC801882179300FA5461 /* DemoViewController.xib */,
			);
			path = Demo;
			sourceTree = "<group>";
		};
/* End PBXGroup section */

/* Begin PBXNativeTarget section */
		9012AC511881BD8E00B29D51 /* MKKeyboardController */ = {
			isa = PBXNativeTarget;
			buildConfigurationList = 9012AC7E1881BD8E00B29D51 /* Build configuration list for PBXNativeTarget "MKKeyboardController" */;
			buildPhases = (
				9012AC4E1881BD8E00B29D51 /* Sources */,
				9012AC4F1881BD8E00B29D51 /* Frameworks */,
				9012AC501881BD8E00B29D51 /* Resources */,
			);
			buildRules = (
			);
			dependencies = (
			);
			name = MKKeyboardController;
			productName = MKKeyboardController;
			productReference = 9012AC521881BD8E00B29D51 /* MKKeyboardController.app */;
			productType = "com.apple.product-type.application";
		};
		9012AC6C1881BD8E00B29D51 /* MKKeyboardControllerTests */ = {
			isa = PBXNativeTarget;
			buildConfigurationList = 9012AC811881BD8E00B29D51 /* Build configuration list for PBXNativeTarget "MKKeyboardControllerTests" */;
			buildPhases = (
				9012AC691881BD8E00B29D51 /* Sources */,
				9012AC6A1881BD8E00B29D51 /* Frameworks */,
				9012AC6B1881BD8E00B29D51 /* Resources */,
			);
			buildRules = (
			);
			dependencies = (
				9012AC731881BD8E00B29D51 /* PBXTargetDependency */,
			);
			name = MKKeyboardControllerTests;
			productName = MKKeyboardControllerTests;
			productReference = 9012AC6D1881BD8E00B29D51 /* MKKeyboardControllerTests.xctest */;
			productType = "com.apple.product-type.bundle.unit-test";
		};
/* End PBXNativeTarget section */

/* Begin PBXProject section */
		9012AC4A1881BD8E00B29D51 /* Project object */ = {
			isa = PBXProject;
			attributes = {
				LastUpgradeCheck = 0500;
				ORGANIZATIONNAME = "Michal Konturek";
				TargetAttributes = {
					9012AC6C1881BD8E00B29D51 = {
						TestTargetID = 9012AC511881BD8E00B29D51;
					};
				};
			};
			buildConfigurationList = 9012AC4D1881BD8E00B29D51 /* Build configuration list for PBXProject "MKKeyboardController" */;
			compatibilityVersion = "Xcode 3.2";
			developmentRegion = English;
			hasScannedForEncodings = 0;
			knownRegions = (
				en,
			);
			mainGroup = 9012AC491881BD8E00B29D51;
			productRefGroup = 9012AC531881BD8E00B29D51 /* Products */;
			projectDirPath = "";
			projectRoot = "";
			targets = (
				9012AC511881BD8E00B29D51 /* MKKeyboardController */,
				9012AC6C1881BD8E00B29D51 /* MKKeyboardControllerTests */,
			);
		};
/* End PBXProject section */

/* Begin PBXResourcesBuildPhase section */
		9012AC501881BD8E00B29D51 /* Resources */ = {
			isa = PBXResourcesBuildPhase;
			buildActionMask = 2147483647;
			files = (
				9012AC601881BD8E00B29D51 /* InfoPlist.strings in Resources */,
				905BCC821882179300FA5461 /* DemoViewController.xib in Resources */,
				9012AC681881BD8E00B29D51 /* Images.xcassets in Resources */,
			);
			runOnlyForDeploymentPostprocessing = 0;
		};
		9012AC6B1881BD8E00B29D51 /* Resources */ = {
			isa = PBXResourcesBuildPhase;
			buildActionMask = 2147483647;
			files = (
				9012AC791881BD8E00B29D51 /* InfoPlist.strings in Resources */,
			);
			runOnlyForDeploymentPostprocessing = 0;
		};
/* End PBXResourcesBuildPhase section */

/* Begin PBXSourcesBuildPhase section */
		9012AC4E1881BD8E00B29D51 /* Sources */ = {
			isa = PBXSourcesBuildPhase;
			buildActionMask = 2147483647;
			files = (
				9012AC661881BD8E00B29D51 /* AppDelegate.m in Sources */,
				9012AC621881BD8E00B29D51 /* main.m in Sources */,
				9012AC8C1881BF1100B29D51 /* KeyboardController.m in Sources */,
				905BCC811882179300FA5461 /* DemoViewController.m in Sources */,
			);
			runOnlyForDeploymentPostprocessing = 0;
		};
		9012AC691881BD8E00B29D51 /* Sources */ = {
			isa = PBXSourcesBuildPhase;
			buildActionMask = 2147483647;
			files = (
				9012AC7B1881BD8E00B29D51 /* MKKeyboardControllerTests.m in Sources */,
			);
			runOnlyForDeploymentPostprocessing = 0;
		};
/* End PBXSourcesBuildPhase section */

/* Begin PBXTargetDependency section */
		9012AC731881BD8E00B29D51 /* PBXTargetDependency */ = {
			isa = PBXTargetDependency;
			target = 9012AC511881BD8E00B29D51 /* MKKeyboardController */;
			targetProxy = 9012AC721881BD8E00B29D51 /* PBXContainerItemProxy */;
		};
/* End PBXTargetDependency section */

/* Begin PBXVariantGroup section */
		9012AC5E1881BD8E00B29D51 /* InfoPlist.strings */ = {
			isa = PBXVariantGroup;
			children = (
				9012AC5F1881BD8E00B29D51 /* en */,
			);
			name = InfoPlist.strings;
			sourceTree = "<group>";
		};
		9012AC771881BD8E00B29D51 /* InfoPlist.strings */ = {
			isa = PBXVariantGroup;
			children = (
				9012AC781881BD8E00B29D51 /* en */,
			);
			name = InfoPlist.strings;
			sourceTree = "<group>";
		};
/* End PBXVariantGroup section */

/* Begin XCBuildConfiguration section */
		9012AC7C1881BD8E00B29D51 /* Debug */ = {
			isa = XCBuildConfiguration;
			buildSettings = {
				ALWAYS_SEARCH_USER_PATHS = NO;
				ARCHS = "$(ARCHS_STANDARD_INCLUDING_64_BIT)";
				CLANG_CXX_LANGUAGE_STANDARD = "gnu++0x";
				CLANG_CXX_LIBRARY = "libc++";
				CLANG_ENABLE_MODULES = YES;
				CLANG_ENABLE_OBJC_ARC = YES;
				CLANG_WARN_BOOL_CONVERSION = YES;
				CLANG_WARN_CONSTANT_CONVERSION = YES;
				CLANG_WARN_DIRECT_OBJC_ISA_USAGE = YES_ERROR;
				CLANG_WARN_EMPTY_BODY = YES;
				CLANG_WARN_ENUM_CONVERSION = YES;
				CLANG_WARN_INT_CONVERSION = YES;
				CLANG_WARN_OBJC_ROOT_CLASS = YES_ERROR;
				CLANG_WARN__DUPLICATE_METHOD_MATCH = YES;
				"CODE_SIGN_IDENTITY[sdk=iphoneos*]" = "iPhone Developer";
				COPY_PHASE_STRIP = NO;
				GCC_C_LANGUAGE_STANDARD = gnu99;
				GCC_DYNAMIC_NO_PIC = NO;
				GCC_OPTIMIZATION_LEVEL = 0;
				GCC_PREPROCESSOR_DEFINITIONS = (
					"DEBUG=1",
					"$(inherited)",
				);
				GCC_SYMBOLS_PRIVATE_EXTERN = NO;
				GCC_WARN_64_TO_32_BIT_CONVERSION = YES;
				GCC_WARN_ABOUT_RETURN_TYPE = YES_ERROR;
				GCC_WARN_UNDECLARED_SELECTOR = YES;
				GCC_WARN_UNINITIALIZED_AUTOS = YES;
				GCC_WARN_UNUSED_FUNCTION = YES;
				GCC_WARN_UNUSED_VARIABLE = YES;
				IPHONEOS_DEPLOYMENT_TARGET = 7.0;
				ONLY_ACTIVE_ARCH = YES;
				SDKROOT = iphoneos;
			};
			name = Debug;
		};
		9012AC7D1881BD8E00B29D51 /* Release */ = {
			isa = XCBuildConfiguration;
			buildSettings = {
				ALWAYS_SEARCH_USER_PATHS = NO;
				ARCHS = "$(ARCHS_STANDARD_INCLUDING_64_BIT)";
				CLANG_CXX_LANGUAGE_STANDARD = "gnu++0x";
				CLANG_CXX_LIBRARY = "libc++";
				CLANG_ENABLE_MODULES = YES;
				CLANG_ENABLE_OBJC_ARC = YES;
				CLANG_WARN_BOOL_CONVERSION = YES;
				CLANG_WARN_CONSTANT_CONVERSION = YES;
				CLANG_WARN_DIRECT_OBJC_ISA_USAGE = YES_ERROR;
				CLANG_WARN_EMPTY_BODY = YES;
				CLANG_WARN_ENUM_CONVERSION = YES;
				CLANG_WARN_INT_CONVERSION = YES;
				CLANG_WARN_OBJC_ROOT_CLASS = YES_ERROR;
				CLANG_WARN__DUPLICATE_METHOD_MATCH = YES;
				"CODE_SIGN_IDENTITY[sdk=iphoneos*]" = "iPhone Developer";
				COPY_PHASE_STRIP = YES;
				ENABLE_NS_ASSERTIONS = NO;
				GCC_C_LANGUAGE_STANDARD = gnu99;
				GCC_WARN_64_TO_32_BIT_CONVERSION = YES;
				GCC_WARN_ABOUT_RETURN_TYPE = YES_ERROR;
				GCC_WARN_UNDECLARED_SELECTOR = YES;
				GCC_WARN_UNINITIALIZED_AUTOS = YES;
				GCC_WARN_UNUSED_FUNCTION = YES;
				GCC_WARN_UNUSED_VARIABLE = YES;
				IPHONEOS_DEPLOYMENT_TARGET = 7.0;
				SDKROOT = iphoneos;
				VALIDATE_PRODUCT = YES;
			};
			name = Release;
		};
		9012AC7F1881BD8E00B29D51 /* Debug */ = {
			isa = XCBuildConfiguration;
			buildSettings = {
				ASSETCATALOG_COMPILER_APPICON_NAME = AppIcon;
				ASSETCATALOG_COMPILER_LAUNCHIMAGE_NAME = LaunchImage;
				GCC_PRECOMPILE_PREFIX_HEADER = YES;
				GCC_PREFIX_HEADER = "MKKeyboardController/MKKeyboardController-Prefix.pch";
				INFOPLIST_FILE = "MKKeyboardController/MKKeyboardController-Info.plist";
				PRODUCT_NAME = "$(TARGET_NAME)";
				WRAPPER_EXTENSION = app;
			};
			name = Debug;
		};
		9012AC801881BD8E00B29D51 /* Release */ = {
			isa = XCBuildConfiguration;
			buildSettings = {
				ASSETCATALOG_COMPILER_APPICON_NAME = AppIcon;
				ASSETCATALOG_COMPILER_LAUNCHIMAGE_NAME = LaunchImage;
				GCC_PRECOMPILE_PREFIX_HEADER = YES;
				GCC_PREFIX_HEADER = "MKKeyboardController/MKKeyboardController-Prefix.pch";
				INFOPLIST_FILE = "MKKeyboardController/MKKeyboardController-Info.plist";
				PRODUCT_NAME = "$(TARGET_NAME)";
				WRAPPER_EXTENSION = app;
			};
			name = Release;
		};
		9012AC821881BD8E00B29D51 /* Debug */ = {
			isa = XCBuildConfiguration;
			buildSettings = {
				ARCHS = "$(ARCHS_STANDARD_INCLUDING_64_BIT)";
				BUNDLE_LOADER = "$(BUILT_PRODUCTS_DIR)/MKKeyboardController.app/MKKeyboardController";
				FRAMEWORK_SEARCH_PATHS = (
					"$(SDKROOT)/Developer/Library/Frameworks",
					"$(inherited)",
					"$(DEVELOPER_FRAMEWORKS_DIR)",
				);
				GCC_PRECOMPILE_PREFIX_HEADER = YES;
				GCC_PREFIX_HEADER = "MKKeyboardController/MKKeyboardController-Prefix.pch";
				GCC_PREPROCESSOR_DEFINITIONS = (
					"DEBUG=1",
					"$(inherited)",
				);
				INFOPLIST_FILE = "MKKeyboardControllerTests/MKKeyboardControllerTests-Info.plist";
				PRODUCT_NAME = "$(TARGET_NAME)";
				TEST_HOST = "$(BUNDLE_LOADER)";
				WRAPPER_EXTENSION = xctest;
			};
			name = Debug;
		};
		9012AC831881BD8E00B29D51 /* Release */ = {
			isa = XCBuildConfiguration;
			buildSettings = {
				ARCHS = "$(ARCHS_STANDARD_INCLUDING_64_BIT)";
				BUNDLE_LOADER = "$(BUILT_PRODUCTS_DIR)/MKKeyboardController.app/MKKeyboardController";
				FRAMEWORK_SEARCH_PATHS = (
					"$(SDKROOT)/Developer/Library/Frameworks",
					"$(inherited)",
					"$(DEVELOPER_FRAMEWORKS_DIR)",
				);
				GCC_PRECOMPILE_PREFIX_HEADER = YES;
				GCC_PREFIX_HEADER = "MKKeyboardController/MKKeyboardController-Prefix.pch";
				INFOPLIST_FILE = "MKKeyboardControllerTests/MKKeyboardControllerTests-Info.plist";
				PRODUCT_NAME = "$(TARGET_NAME)";
				TEST_HOST = "$(BUNDLE_LOADER)";
				WRAPPER_EXTENSION = xctest;
			};
			name = Release;
		};
/* End XCBuildConfiguration section */

/* Begin XCConfigurationList section */
		9012AC4D1881BD8E00B29D51 /* Build configuration list for PBXProject "MKKeyboardController" */ = {
			isa = XCConfigurationList;
			buildConfigurations = (
				9012AC7C1881BD8E00B29D51 /* Debug */,
				9012AC7D1881BD8E00B29D51 /* Release */,
			);
			defaultConfigurationIsVisible = 0;
			defaultConfigurationName = Release;
		};
		9012AC7E1881BD8E00B29D51 /* Build configuration list for PBXNativeTarget "MKKeyboardController" */ = {
			isa = XCConfigurationList;
			buildConfigurations = (
				9012AC7F1881BD8E00B29D51 /* Debug */,
				9012AC801881BD8E00B29D51 /* Release */,
			);
			defaultConfigurationIsVisible = 0;
			defaultConfigurationName = Release;
		};
		9012AC811881BD8E00B29D51 /* Build configuration list for PBXNativeTarget "MKKeyboardControllerTests" */ = {
			isa = XCConfigurationList;
			buildConfigurations = (
				9012AC821881BD8E00B29D51 /* Debug */,
				9012AC831881BD8E00B29D51 /* Release */,
			);
			defaultConfigurationIsVisible = 0;
			defaultConfigurationName = Release;
		};
/* End XCConfigurationList section */
	};
	rootObject = 9012AC4A1881BD8E00B29D51 /* Project object */;
}
